
Microsoft Visual Studio Solution File, Format Version 12.00
# Visual Studio Version 16
VisualStudioVersion = 16.0.30011.22
MinimumVisualStudioVersion = 10.0.40219.1
Project("{8BC9CEB8-8B4A-11D0-8D11-00A0C91BC942}") = "mp3Stuff", "mp3Stuff\mp3Stuff.vcxproj", "{28812EDD-74E6-43FA-AA0A-32C571779192}"
EndProject
Global
	GlobalSection(SolutionConfigurationPlatforms) = preSolution
		Debug|x64 = Debug|x64
		Debug|x86 = Debug|x86
		Release|x64 = Release|x64
		Release|x86 = Release|x86
	EndGlobalSection
	GlobalSection(ProjectConfigurationPlatforms) = postSolution
		{28812EDD-74E6-43FA-AA0A-32C571779192}.Debug|x64.ActiveCfg = Debug|x64
		{28812EDD-74E6-43FA-AA0A-32C571779192}.Debug|x64.Build.0 = Debug|x64
		{28812EDD-74E6-43FA-AA0A-32C571779192}.Debug|x86.ActiveCfg = Debug|Win32
		{28812EDD-74E6-43FA-AA0A-32C571779192}.Debug|x86.Build.0 = Debug|Win32
		{28812EDD-74E6-43FA-AA0A-32C571779192}.Release|x64.ActiveCfg = Release|x64
		{28812EDD-74E6-43FA-AA0A-32C571779192}.Release|x64.Build.0 = Release|x64
		{28812EDD-74E6-43FA-AA0A-32C571779192}.Release|x86.ActiveCfg = Release|Win32
		{28812EDD-74E6-43FA-AA0A-32C571779192}.Release|x86.Build.0 = Release|Win32
	EndGlobalSection
	GlobalSection(SolutionProperties) = preSolution
		HideSolutionNode = FALSE
	EndGlobalSection
	GlobalSection(ExtensibilityGlobals) = postSolution
		SolutionGuid = {90F4BCC5-6279-4949-BAFE-90DE7CEA3FAD}
	EndGlobalSection
EndGlobal
